dependencies:
  espressif/battery_detect:
    dependencies:
    - name: espressif/esp-dl
      override_path: ../../esp-dl
      version: ^3.1.3
    source:
      path: D:\WJ\jixiebi\ai\esp-detection\esp-dl\models\battery_detect
      type: local
    version: 0.1.1
  espressif/dl_fft:
    component_hash: ced3cf28cc70452b7859c06f4e5059215167254a2047e34c893d6f501ccd6ea2
    dependencies:
    - name: idf
      require: private
      version: '>=5.0'
    source:
      registry_url: https://components.espressif.com/
      type: service
    version: 0.4.0
  espressif/esp-dl:
    dependencies:
    - matches:
      - if: target in ["esp32", "esp32c2", "esp32c3", "esp32c6", "esp32p4", "esp32s2", "esp32s3"]
        version: '>=5.3'
      - if: target == esp32c5
        version: '>=5.5'
      - if: target == esp32s31
        version: '>=6.0'
      name: idf
    - name: espressif/esp_new_jpeg
      version: ^1
    - name: espressif/dl_fft
      version: '>=0.3.1'
    source:
      path: D:\WJ\jixiebi\ai\esp-detection\esp-dl\esp-dl
      type: local
    targets:
    - esp32
    - esp32c2
    - esp32c3
    - esp32c5
    - esp32c6
    - esp32p4
    - esp32s2
    - esp32s3
    - esp32s31
    version: 3.3.5
  espressif/esp32-camera:
    component_hash: bc9c8a6b51df777a014fa295825b3de5069bc0300c317acff20c97cf4a10ac7d
    dependencies:
    - name: espressif/esp_jpeg
      registry_url: https://components.espressif.com
      require: public
      version: ^1.3.1
    - name: idf
      require: private
      version: '>=5.1'
    source:
      registry_url: https://components.espressif.com/
      type: service
    version: 2.1.7
  espressif/esp_jpeg:
    component_hash: defb83669293cbf86d0fa86b475ba5517aceed04ed70db435388c151ab37b5d7
    dependencies:
    - name: idf
      require: private
      version: '>=5.0'
    source:
      registry_url: https://components.espressif.com
      type: service
    version: 1.3.1
  espressif/esp_new_jpeg:
    component_hash: e1e7e6991193c41ed6c9fc386702aa7821433319e7aa9c3147cd3236310cd69c
    dependencies: []
    source:
      registry_url: https://components.espressif.com/
      type: service
    targets:
    - esp32
    - esp32s2
    - esp32s3
    - esp32s31
    - esp32p4
    - esp32c2
    - esp32c3
    - esp32c5
    - esp32c6
    - esp32c61
    - esp32h4
    version: 1.0.2
  idf:
    source:
      type: idf
    version: 5.5.4
direct_dependencies:
- espressif/battery_detect
- espressif/esp-dl
- espressif/esp32-camera
manifest_hash: dd083df1615ffcd2b457222e633e3ec794b2d8ddf2c239512a3f222ccac5911e
target: esp32s3
version: 2.0.0
